# .integrity.lock — SHA256 hashes of immutable-tagged files
# Generated by: block-091 (2026-05-27)
# Regenerate with: python sdk/integrity_check.py --regenerate --arch-root .
# See: commands/integrity-bump.md for the approved human-approval workflow

PROTOCOLS.md  sha256:a6de708783f6320333f829f0358b93ce088b7f37cdfd4cbfdd3a62bd122bb4d2
_syntax.md  sha256:74bbe7536fd878c70cbe1173f8680f3bc4a8e274fc74f4b981995713ce363df0
templates/manifest-small.md  sha256:341ac72bf5b8de79a1153d4201c1c69df7b5892a2182b4b7e11c7a8ce6b4ee5d
templates/manifest-medium.md  sha256:bbcecc34e2a03f578b2af9ccb6eabc756d0801686cc3fe3ef3e1342678a9a88b
templates/manifest-large.md  sha256:545b121e3fbcd75743483aebfaf08b1d0e104fd70398f7b663b7afcff593b52c
templates/block-retrospective.md  sha256:57fe63c6dadce54a222e722909bcf8de36ef519876d6a5422d03e968a43ec2f6
protocols/block-close-checklist.md  sha256:7ba6b63022f584cd6280c8ca286d9e7c231b5766d9505dc3197e7aaad3f02cbb
protocols/pointer-integrity.md  sha256:14903540ff138e930362ea505109bfb7fa67f943fa1ef4bd838c714c476d83a5
