# .integrity.lock — SHA256 hashes of immutable-tagged files
# Regenerated by: sdk/integrity_check.py --regenerate
# See: commands/integrity-bump.md for the approved human-approval workflow

PROTOCOLS.md  sha256:b16a6dda3e780167148bb485db3f0f79781d8a799467263c0efdc519664d8117
_syntax.md  sha256:74bbe7536fd878c70cbe1173f8680f3bc4a8e274fc74f4b981995713ce363df0
blocks/block-090-protection-frontmatter.md  sha256:8da2aa361203628baeb0a5d3d8e1e83b8b3819230d26810209cb1975e9441097
blocks/block-125-proposal-resolver.md  sha256:91ba960b7bad892a26784236d7d0b463f8e9dccb91cc5cd6b0fe2f1369668d25
blocks/phase-13-retrospective.md  sha256:9f20a5dd32fef7d98cdeb828ea3580e36f54c02082af600be7e04d07f6b553f5
commands/integrity-bump.md  sha256:e5503f47862b9e7e1193681f9c8d5c4a0a39b2a02172393921ffe652175c8c61
commands/restore.md  sha256:a9b3e607b92abba1673b7d8081987e03ca75127c8e91660ddd281b0c0bedc11e
manifests/block-090-protection-frontmatter.md  sha256:ca2e53bb1083285f53ff876a96375a846a5450205ad740239d9992c5e21417ce
manifests/block-091-integrity-lock.md  sha256:af2801c50cff145ffb62beb04c3481e30ac982001a4a89272632d289df88e758
phases/phase-13.md  sha256:f50158ad36551e39a3382683ce04889132ac470614a3d02246dcc0de82bb9214
protocols/architecture-integrity.md  sha256:88dc44ec0913d39fdce985d9f5ff279f224d694858bd5ca1e737a198d58bad72
protocols/block-close-checklist.md  sha256:7ba6b63022f584cd6280c8ca286d9e7c231b5766d9505dc3197e7aaad3f02cbb
protocols/pointer-integrity.md  sha256:14903540ff138e930362ea505109bfb7fa67f943fa1ef4bd838c714c476d83a5
templates/block-retrospective.md  sha256:57fe63c6dadce54a222e722909bcf8de36ef519876d6a5422d03e968a43ec2f6
templates/manifest-large.md  sha256:545b121e3fbcd75743483aebfaf08b1d0e104fd70398f7b663b7afcff593b52c
templates/manifest-medium.md  sha256:bbcecc34e2a03f578b2af9ccb6eabc756d0801686cc3fe3ef3e1342678a9a88b
templates/manifest-small.md  sha256:341ac72bf5b8de79a1153d4201c1c69df7b5892a2182b4b7e11c7a8ce6b4ee5d
