# .integrity.lock — SHA256 hashes of immutable-tagged files
# Regenerated by: sdk/integrity_check.py --regenerate
# See: commands/integrity-bump.md for the approved human-approval workflow

PROTOCOLS.md  sha256:89ebc59d780f2953833e45bb1cc52afb25a77d14593c543241d1563bdb22cf3b
_syntax.md  sha256:74bbe7536fd878c70cbe1173f8680f3bc4a8e274fc74f4b981995713ce363df0
protocols/block-close-checklist.md  sha256:7ba6b63022f584cd6280c8ca286d9e7c231b5766d9505dc3197e7aaad3f02cbb
protocols/pointer-integrity.md  sha256:14903540ff138e930362ea505109bfb7fa67f943fa1ef4bd838c714c476d83a5
templates/block-retrospective-v2.md  sha256:3957fbfc7402dd1f97f68e80f4ab0924f571e89dabcce553bfa431c3ba3b9e4d
templates/manifest-intake.md  sha256:784d999c2909d9396b00666ed8b9a32987358145d131fedcdea07e3a8ac92d8e
templates/manifest-large-v2.md  sha256:4a1e48a2f5f8efe7960a7815447aff7f4e94eefe18654c71a88c25032e42e2fa
templates/manifest-medium-v2.md  sha256:bc7862b9295573022a378ff2a2f7fdd71f4f18622ecb25744a9cce815d44215c
templates/manifest-small-v2.md  sha256:652021724b652c224bbfec18d12b1b3e6179703b33fa32748f73de3c4ddb925c
